
Microsoft Visual Studio Solution File, Format Version 12.00
# Visual Studio 14
VisualStudioVersion = 14.0.25420.1
MinimumVisualStudioVersion = 10.0.40219.1
Project("{FAE04EC0-301F-11D3-BF4B-00C04F79EFBC}") = "GhostComMVVM", "Ghost\GhostComMVVM.csproj", "{D968E08E-5151-4300-A67E-A6A7C4A4C0E5}"
EndProject
Global
	GlobalSection(SolutionConfigurationPlatforms) = preSolution
		Debug|Any CPU = Debug|Any CPU
		Release|Any CPU = Release|Any CPU
	EndGlobalSection
	GlobalSection(ProjectConfigurationPlatforms) = postSolution
		{D968E08E-5151-4300-A67E-A6A7C4A4C0E5}.Debug|Any CPU.ActiveCfg = Debug|Any CPU
		{D968E08E-5151-4300-A67E-A6A7C4A4C0E5}.Debug|Any CPU.Build.0 = Debug|Any CPU
		{D968E08E-5151-4300-A67E-A6A7C4A4C0E5}.Release|Any CPU.ActiveCfg = Release|Any CPU
		{D968E08E-5151-4300-A67E-A6A7C4A4C0E5}.Release|Any CPU.Build.0 = Release|Any CPU
	EndGlobalSection
	GlobalSection(SolutionProperties) = preSolution
		HideSolutionNode = FALSE
	EndGlobalSection
EndGlobal
